
Microsoft Visual Studio Solution File, Format Version 12.00
# Visual Studio Version 17
VisualStudioVersion = 17.10.34916.146
MinimumVisualStudioVersion = 10.0.40219.1
Project("{8BC9CEB8-8B4A-11D0-8D11-00A0C91BC942}") = "PBGame", "PBGame\PBGame.vcxproj", "{746B1337-6E68-40C7-80BA-3317C563D17C}"
EndProject
Project("{2150E333-8FDC-42A3-9474-1A3956D46DE8}") = "GameClient", "GameClient", "{5F1E9073-6A0A-4A1E-B971-012B7F4293EE}"
EndProject
Project("{2150E333-8FDC-42A3-9474-1A3956D46DE8}") = "GameServer", "GameServer", "{0157B59B-57D1-4C95-B960-FD5923394545}"
EndProject
Project("{8BC9CEB8-8B4A-11D0-8D11-00A0C91BC942}") = "Core", "PBEngine\Core\Core.vcxproj", "{343168B9-9295-4D4B-A729-D9C2CC96E878}"
EndProject
Project("{2150E333-8FDC-42A3-9474-1A3956D46DE8}") = "Engine", "Engine", "{8C8ED838-0735-40B1-A0C6-31C5D2ADD3D4}"
EndProject
Project("{2150E333-8FDC-42A3-9474-1A3956D46DE8}") = "Game", "Game", "{49AD0CFA-CD42-486F-956D-7BDCD10DFB96}"
EndProject
Project("{8BC9CEB8-8B4A-11D0-8D11-00A0C91BC942}") = "Graphics", "PBEngine\Graphics\Graphics.vcxproj", "{F739A74F-4319-48E7-9FEF-22F314E96045}"
EndProject
Project("{8BC9CEB8-8B4A-11D0-8D11-00A0C91BC942}") = "Input", "PBEngine\Input\Input.vcxproj", "{98297A36-BD2F-4791-998A-823B4C654C5B}"
EndProject
Project("{8BC9CEB8-8B4A-11D0-8D11-00A0C91BC942}") = "Physics", "PBEngine\Physics\Physics.vcxproj", "{358C1F12-9EE2-45CA-97B4-8D519BA80E2C}"
EndProject
Project("{8BC9CEB8-8B4A-11D0-8D11-00A0C91BC942}") = "Entity", "PBEngine\Entity\Entity.vcxproj", "{26A777B7-AECC-46FB-A245-0C527BBCC9AD}"
EndProject
Project("{8BC9CEB8-8B4A-11D0-8D11-00A0C91BC942}") = "Audio", "PBEngine\Audio\Audio.vcxproj", "{1FE1FC12-2A45-429B-8742-280A4DEEEF53}"
EndProject
Project("{8BC9CEB8-8B4A-11D0-8D11-00A0C91BC942}") = "UI", "PBEngine\UI\UI.vcxproj", "{BFCA4DA6-6722-416B-B0E3-BC17BD6FAA20}"
EndProject
Global
	GlobalSection(SolutionConfigurationPlatforms) = preSolution
		Debug|x64 = Debug|x64
		Debug|x86 = Debug|x86
		Release|x64 = Release|x64
		Release|x86 = Release|x86
	EndGlobalSection
	GlobalSection(ProjectConfigurationPlatforms) = postSolution
		{746B1337-6E68-40C7-80BA-3317C563D17C}.Debug|x64.ActiveCfg = Debug|x64
		{746B1337-6E68-40C7-80BA-3317C563D17C}.Debug|x64.Build.0 = Debug|x64
		{746B1337-6E68-40C7-80BA-3317C563D17C}.Debug|x86.ActiveCfg = Debug|Win32
		{746B1337-6E68-40C7-80BA-3317C563D17C}.Debug|x86.Build.0 = Debug|Win32
		{746B1337-6E68-40C7-80BA-3317C563D17C}.Release|x64.ActiveCfg = Release|x64
		{746B1337-6E68-40C7-80BA-3317C563D17C}.Release|x64.Build.0 = Release|x64
		{746B1337-6E68-40C7-80BA-3317C563D17C}.Release|x86.ActiveCfg = Release|Win32
		{746B1337-6E68-40C7-80BA-3317C563D17C}.Release|x86.Build.0 = Release|Win32
		{343168B9-9295-4D4B-A729-D9C2CC96E878}.Debug|x64.ActiveCfg = Debug|x64
		{343168B9-9295-4D4B-A729-D9C2CC96E878}.Debug|x64.Build.0 = Debug|x64
		{343168B9-9295-4D4B-A729-D9C2CC96E878}.Debug|x86.ActiveCfg = Debug|Win32
		{343168B9-9295-4D4B-A729-D9C2CC96E878}.Debug|x86.Build.0 = Debug|Win32
		{343168B9-9295-4D4B-A729-D9C2CC96E878}.Release|x64.ActiveCfg = Release|x64
		{343168B9-9295-4D4B-A729-D9C2CC96E878}.Release|x64.Build.0 = Release|x64
		{343168B9-9295-4D4B-A729-D9C2CC96E878}.Release|x86.ActiveCfg = Release|Win32
		{343168B9-9295-4D4B-A729-D9C2CC96E878}.Release|x86.Build.0 = Release|Win32
		{F739A74F-4319-48E7-9FEF-22F314E96045}.Debug|x64.ActiveCfg = Debug|x64
		{F739A74F-4319-48E7-9FEF-22F314E96045}.Debug|x64.Build.0 = Debug|x64
		{F739A74F-4319-48E7-9FEF-22F314E96045}.Debug|x86.ActiveCfg = Debug|Win32
		{F739A74F-4319-48E7-9FEF-22F314E96045}.Debug|x86.Build.0 = Debug|Win32
		{F739A74F-4319-48E7-9FEF-22F314E96045}.Release|x64.ActiveCfg = Release|x64
		{F739A74F-4319-48E7-9FEF-22F314E96045}.Release|x64.Build.0 = Release|x64
		{F739A74F-4319-48E7-9FEF-22F314E96045}.Release|x86.ActiveCfg = Release|Win32
		{F739A74F-4319-48E7-9FEF-22F314E96045}.Release|x86.Build.0 = Release|Win32
		{98297A36-BD2F-4791-998A-823B4C654C5B}.Debug|x64.ActiveCfg = Debug|x64
		{98297A36-BD2F-4791-998A-823B4C654C5B}.Debug|x64.Build.0 = Debug|x64
		{98297A36-BD2F-4791-998A-823B4C654C5B}.Debug|x86.ActiveCfg = Debug|Win32
		{98297A36-BD2F-4791-998A-823B4C654C5B}.Debug|x86.Build.0 = Debug|Win32
		{98297A36-BD2F-4791-998A-823B4C654C5B}.Release|x64.ActiveCfg = Release|x64
		{98297A36-BD2F-4791-998A-823B4C654C5B}.Release|x64.Build.0 = Release|x64
		{98297A36-BD2F-4791-998A-823B4C654C5B}.Release|x86.ActiveCfg = Release|Win32
		{98297A36-BD2F-4791-998A-823B4C654C5B}.Release|x86.Build.0 = Release|Win32
		{358C1F12-9EE2-45CA-97B4-8D519BA80E2C}.Debug|x64.ActiveCfg = Debug|x64
		{358C1F12-9EE2-45CA-97B4-8D519BA80E2C}.Debug|x64.Build.0 = Debug|x64
		{358C1F12-9EE2-45CA-97B4-8D519BA80E2C}.Debug|x86.ActiveCfg = Debug|Win32
		{358C1F12-9EE2-45CA-97B4-8D519BA80E2C}.Debug|x86.Build.0 = Debug|Win32
		{358C1F12-9EE2-45CA-97B4-8D519BA80E2C}.Release|x64.ActiveCfg = Release|x64
		{358C1F12-9EE2-45CA-97B4-8D519BA80E2C}.Release|x64.Build.0 = Release|x64
		{358C1F12-9EE2-45CA-97B4-8D519BA80E2C}.Release|x86.ActiveCfg = Release|Win32
		{358C1F12-9EE2-45CA-97B4-8D519BA80E2C}.Release|x86.Build.0 = Release|Win32
		{26A777B7-AECC-46FB-A245-0C527BBCC9AD}.Debug|x64.ActiveCfg = Debug|x64
		{26A777B7-AECC-46FB-A245-0C527BBCC9AD}.Debug|x64.Build.0 = Debug|x64
		{26A777B7-AECC-46FB-A245-0C527BBCC9AD}.Debug|x86.ActiveCfg = Debug|Win32
		{26A777B7-AECC-46FB-A245-0C527BBCC9AD}.Debug|x86.Build.0 = Debug|Win32
		{26A777B7-AECC-46FB-A245-0C527BBCC9AD}.Release|x64.ActiveCfg = Release|x64
		{26A777B7-AECC-46FB-A245-0C527BBCC9AD}.Release|x64.Build.0 = Release|x64
		{26A777B7-AECC-46FB-A245-0C527BBCC9AD}.Release|x86.ActiveCfg = Release|Win32
		{26A777B7-AECC-46FB-A245-0C527BBCC9AD}.Release|x86.Build.0 = Release|Win32
		{1FE1FC12-2A45-429B-8742-280A4DEEEF53}.Debug|x64.ActiveCfg = Debug|x64
		{1FE1FC12-2A45-429B-8742-280A4DEEEF53}.Debug|x64.Build.0 = Debug|x64
		{1FE1FC12-2A45-429B-8742-280A4DEEEF53}.Debug|x86.ActiveCfg = Debug|Win32
		{1FE1FC12-2A45-429B-8742-280A4DEEEF53}.Debug|x86.Build.0 = Debug|Win32
		{1FE1FC12-2A45-429B-8742-280A4DEEEF53}.Release|x64.ActiveCfg = Release|x64
		{1FE1FC12-2A45-429B-8742-280A4DEEEF53}.Release|x64.Build.0 = Release|x64
		{1FE1FC12-2A45-429B-8742-280A4DEEEF53}.Release|x86.ActiveCfg = Release|Win32
		{1FE1FC12-2A45-429B-8742-280A4DEEEF53}.Release|x86.Build.0 = Release|Win32
		{BFCA4DA6-6722-416B-B0E3-BC17BD6FAA20}.Debug|x64.ActiveCfg = Debug|x64
		{BFCA4DA6-6722-416B-B0E3-BC17BD6FAA20}.Debug|x64.Build.0 = Debug|x64
		{BFCA4DA6-6722-416B-B0E3-BC17BD6FAA20}.Debug|x86.ActiveCfg = Debug|Win32
		{BFCA4DA6-6722-416B-B0E3-BC17BD6FAA20}.Debug|x86.Build.0 = Debug|Win32
		{BFCA4DA6-6722-416B-B0E3-BC17BD6FAA20}.Release|x64.ActiveCfg = Release|x64
		{BFCA4DA6-6722-416B-B0E3-BC17BD6FAA20}.Release|x64.Build.0 = Release|x64
		{BFCA4DA6-6722-416B-B0E3-BC17BD6FAA20}.Release|x86.ActiveCfg = Release|Win32
		{BFCA4DA6-6722-416B-B0E3-BC17BD6FAA20}.Release|x86.Build.0 = Release|Win32
	EndGlobalSection
	GlobalSection(SolutionProperties) = preSolution
		HideSolutionNode = FALSE
	EndGlobalSection
	GlobalSection(NestedProjects) = preSolution
		{746B1337-6E68-40C7-80BA-3317C563D17C} = {49AD0CFA-CD42-486F-956D-7BDCD10DFB96}
		{343168B9-9295-4D4B-A729-D9C2CC96E878} = {8C8ED838-0735-40B1-A0C6-31C5D2ADD3D4}
		{8C8ED838-0735-40B1-A0C6-31C5D2ADD3D4} = {5F1E9073-6A0A-4A1E-B971-012B7F4293EE}
		{49AD0CFA-CD42-486F-956D-7BDCD10DFB96} = {5F1E9073-6A0A-4A1E-B971-012B7F4293EE}
		{F739A74F-4319-48E7-9FEF-22F314E96045} = {8C8ED838-0735-40B1-A0C6-31C5D2ADD3D4}
		{98297A36-BD2F-4791-998A-823B4C654C5B} = {8C8ED838-0735-40B1-A0C6-31C5D2ADD3D4}
		{358C1F12-9EE2-45CA-97B4-8D519BA80E2C} = {8C8ED838-0735-40B1-A0C6-31C5D2ADD3D4}
		{26A777B7-AECC-46FB-A245-0C527BBCC9AD} = {8C8ED838-0735-40B1-A0C6-31C5D2ADD3D4}
		{1FE1FC12-2A45-429B-8742-280A4DEEEF53} = {8C8ED838-0735-40B1-A0C6-31C5D2ADD3D4}
		{BFCA4DA6-6722-416B-B0E3-BC17BD6FAA20} = {8C8ED838-0735-40B1-A0C6-31C5D2ADD3D4}
	EndGlobalSection
	GlobalSection(ExtensibilityGlobals) = postSolution
		SolutionGuid = {A0592D73-2EE2-46D7-9A24-B8DC74BC4DB0}
	EndGlobalSection
EndGlobal
